
Microsoft Visual Studio Solution File, Format Version 12.00
# Visual Studio Version 17
VisualStudioVersion = 17.14.36915.13 d17.14
MinimumVisualStudioVersion = 10.0.40219.1
Project("{FAE04EC0-301F-11D3-BF4B-00C04F79EFBC}") = "GestionVehiculos.Model", "GestionVehiculos.Model\GestionVehiculos.Model.csproj", "{50D083AA-3B24-40F9-AE72-296697F39463}"
EndProject
Project("{FAE04EC0-301F-11D3-BF4B-00C04F79EFBC}") = "GestionVehiculos.DA", "GestionVehiculos\GestionVehiculos.DA.csproj", "{84D78712-765F-4C39-AF06-7DEB4499FDC8}"
EndProject
Project("{FAE04EC0-301F-11D3-BF4B-00C04F79EFBC}") = "GestionVehiculos.BL", "GestionVehiculos.BL\GestionVehiculos.BL.csproj", "{F08CC11A-12A2-471C-A877-2F237D24062D}"
EndProject
Global
	GlobalSection(SolutionConfigurationPlatforms) = preSolution
		Debug|Any CPU = Debug|Any CPU
		Release|Any CPU = Release|Any CPU
	EndGlobalSection
	GlobalSection(ProjectConfigurationPlatforms) = postSolution
		{50D083AA-3B24-40F9-AE72-296697F39463}.Debug|Any CPU.ActiveCfg = Debug|Any CPU
		{50D083AA-3B24-40F9-AE72-296697F39463}.Debug|Any CPU.Build.0 = Debug|Any CPU
		{50D083AA-3B24-40F9-AE72-296697F39463}.Release|Any CPU.ActiveCfg = Release|Any CPU
		{50D083AA-3B24-40F9-AE72-296697F39463}.Release|Any CPU.Build.0 = Release|Any CPU
		{84D78712-765F-4C39-AF06-7DEB4499FDC8}.Debug|Any CPU.ActiveCfg = Debug|Any CPU
		{84D78712-765F-4C39-AF06-7DEB4499FDC8}.Debug|Any CPU.Build.0 = Debug|Any CPU
		{84D78712-765F-4C39-AF06-7DEB4499FDC8}.Release|Any CPU.ActiveCfg = Release|Any CPU
		{84D78712-765F-4C39-AF06-7DEB4499FDC8}.Release|Any CPU.Build.0 = Release|Any CPU
		{F08CC11A-12A2-471C-A877-2F237D24062D}.Debug|Any CPU.ActiveCfg = Debug|Any CPU
		{F08CC11A-12A2-471C-A877-2F237D24062D}.Debug|Any CPU.Build.0 = Debug|Any CPU
		{F08CC11A-12A2-471C-A877-2F237D24062D}.Release|Any CPU.ActiveCfg = Release|Any CPU
		{F08CC11A-12A2-471C-A877-2F237D24062D}.Release|Any CPU.Build.0 = Release|Any CPU
	EndGlobalSection
	GlobalSection(SolutionProperties) = preSolution
		HideSolutionNode = FALSE
	EndGlobalSection
	GlobalSection(ExtensibilityGlobals) = postSolution
		SolutionGuid = {D14489CB-88CA-4361-B54D-FFAF13E8579D}
	EndGlobalSection
EndGlobal
